
Microsoft Visual Studio Solution File, Format Version 12.00
# Visual Studio 15
VisualStudioVersion = 15.0.27428.2037
MinimumVisualStudioVersion = 10.0.40219.1
Project("{FAE04EC0-301F-11D3-BF4B-00C04F79EFBC}") = "EntityFrameworkM2L", "EntityFrameworkM2L\EntityFrameworkM2L.csproj", "{CD4BB62D-EC90-473F-9047-3FC0885BDAC0}"
EndProject
Global
	GlobalSection(SolutionConfigurationPlatforms) = preSolution
		Debug|Any CPU = Debug|Any CPU
		Release|Any CPU = Release|Any CPU
	EndGlobalSection
	GlobalSection(ProjectConfigurationPlatforms) = postSolution
		{CD4BB62D-EC90-473F-9047-3FC0885BDAC0}.Debug|Any CPU.ActiveCfg = Debug|Any CPU
		{CD4BB62D-EC90-473F-9047-3FC0885BDAC0}.Debug|Any CPU.Build.0 = Debug|Any CPU
		{CD4BB62D-EC90-473F-9047-3FC0885BDAC0}.Release|Any CPU.ActiveCfg = Release|Any CPU
		{CD4BB62D-EC90-473F-9047-3FC0885BDAC0}.Release|Any CPU.Build.0 = Release|Any CPU
	EndGlobalSection
	GlobalSection(SolutionProperties) = preSolution
		HideSolutionNode = FALSE
	EndGlobalSection
	GlobalSection(ExtensibilityGlobals) = postSolution
		SolutionGuid = {31C56A60-3BBE-4BBC-9B8D-381658B7A93F}
	EndGlobalSection
EndGlobal
